# THIS IS AN AUTOGENERATED FILE. DO NOT EDIT THIS FILE DIRECTLY.
# yarn lockfile v1


vue-router@3:
  version "3.5.4"
  resolved "https://registry.yarnpkg.com/vue-router/-/vue-router-3.5.4.tgz#c453c0b36bc75554de066fefc3f2a9c3212aca70"
  integrity sha512-x+/DLAJZv2mcQ7glH2oV9ze8uPwcI+H+GgTgTmb5I55bCgY3+vXWIsqbYUzbBSZnwFHEJku4eoaH/x98veyymQ==
